
Microsoft Visual Studio Solution File, Format Version 12.00
# Visual Studio Version 16
VisualStudioVersion = 16.0.31402.337
MinimumVisualStudioVersion = 10.0.40219.1
Project("{8BC9CEB8-8B4A-11D0-8D11-00A0C91BC942}") = "Kart", "Kart\Kart.vcxproj", "{BE3ACD9A-A114-4555-9EFE-C17DFE83BD33}"
EndProject
Global
	GlobalSection(SolutionConfigurationPlatforms) = preSolution
		Debug|x64 = Debug|x64
		Debug|x86 = Debug|x86
		Release|x64 = Release|x64
		Release|x86 = Release|x86
	EndGlobalSection
	GlobalSection(ProjectConfigurationPlatforms) = postSolution
		{BE3ACD9A-A114-4555-9EFE-C17DFE83BD33}.Debug|x64.ActiveCfg = Debug|x64
		{BE3ACD9A-A114-4555-9EFE-C17DFE83BD33}.Debug|x64.Build.0 = Debug|x64
		{BE3ACD9A-A114-4555-9EFE-C17DFE83BD33}.Debug|x86.ActiveCfg = Debug|Win32
		{BE3ACD9A-A114-4555-9EFE-C17DFE83BD33}.Debug|x86.Build.0 = Debug|Win32
		{BE3ACD9A-A114-4555-9EFE-C17DFE83BD33}.Release|x64.ActiveCfg = Release|x64
		{BE3ACD9A-A114-4555-9EFE-C17DFE83BD33}.Release|x64.Build.0 = Release|x64
		{BE3ACD9A-A114-4555-9EFE-C17DFE83BD33}.Release|x86.ActiveCfg = Release|Win32
		{BE3ACD9A-A114-4555-9EFE-C17DFE83BD33}.Release|x86.Build.0 = Release|Win32
	EndGlobalSection
	GlobalSection(SolutionProperties) = preSolution
		HideSolutionNode = FALSE
	EndGlobalSection
	GlobalSection(ExtensibilityGlobals) = postSolution
		SolutionGuid = {3173C3B5-8388-49FB-9846-76D494A1F35D}
	EndGlobalSection
EndGlobal
